
Microsoft Visual Studio Solution File, Format Version 12.00
# Visual Studio 14
VisualStudioVersion = 14.0.23107.0
MinimumVisualStudioVersion = 10.0.40219.1
Project("{8BC9CEB8-8B4A-11D0-8D11-00A0C91BC942}") = "Lab1", "Lab1\Lab1.vcxproj", "{77563359-A21D-46AC-994C-F2A7211F31DA}"
EndProject
Project("{8BC9CEB8-8B4A-11D0-8D11-00A0C91BC942}") = "Lab2", "Lab2\Lab2.vcxproj", "{4D13E6D5-E594-4DB3-A2DC-BFC49F2DE3DB}"
EndProject
Project("{8BC9CEB8-8B4A-11D0-8D11-00A0C91BC942}") = "Lab3", "Lab3\Lab3.vcxproj", "{D9E4CBE9-881D-4C73-A5BC-0C853C500840}"
EndProject
Project("{8BC9CEB8-8B4A-11D0-8D11-00A0C91BC942}") = "Lab4", "Lab4\Lab4.vcxproj", "{9A3E33D3-F285-4042-A4C9-9BFFE8DE528E}"
EndProject
Project("{8BC9CEB8-8B4A-11D0-8D11-00A0C91BC942}") = "Lab5", "Lab5\Lab5.vcxproj", "{272A8F83-2281-404D-9108-72D969F445ED}"
EndProject
Project("{8BC9CEB8-8B4A-11D0-8D11-00A0C91BC942}") = "Lab6", "Lab6\Lab6.vcxproj", "{B1CB0A18-194A-4FCB-BC13-E3F94F922737}"
EndProject
Project("{8BC9CEB8-8B4A-11D0-8D11-00A0C91BC942}") = "Lab7", "Lab7\Lab7.vcxproj", "{4D214876-A704-4E60-A9E4-D31FE4DB6897}"
EndProject
Project("{8BC9CEB8-8B4A-11D0-8D11-00A0C91BC942}") = "Lab8", "Lab8\Lab8.vcxproj", "{01816895-5720-4B1E-90C0-75897B662335}"
EndProject
Project("{8BC9CEB8-8B4A-11D0-8D11-00A0C91BC942}") = "Lab9", "Lab9\Lab9.vcxproj", "{AD5B4202-DE04-4B71-B856-FE1119C4F9E9}"
EndProject
Project("{8BC9CEB8-8B4A-11D0-8D11-00A0C91BC942}") = "Lab10", "Lab10\Lab10.vcxproj", "{DE39B979-49C4-4C7F-AC7A-829AAE3229EF}"
EndProject
Global
	GlobalSection(SolutionConfigurationPlatforms) = preSolution
		Debug|x64 = Debug|x64
		Debug|x86 = Debug|x86
		Release|x64 = Release|x64
		Release|x86 = Release|x86
	EndGlobalSection
	GlobalSection(ProjectConfigurationPlatforms) = postSolution
		{77563359-A21D-46AC-994C-F2A7211F31DA}.Debug|x64.ActiveCfg = Debug|x64
		{77563359-A21D-46AC-994C-F2A7211F31DA}.Debug|x64.Build.0 = Debug|x64
		{77563359-A21D-46AC-994C-F2A7211F31DA}.Debug|x86.ActiveCfg = Debug|Win32
		{77563359-A21D-46AC-994C-F2A7211F31DA}.Debug|x86.Build.0 = Debug|Win32
		{77563359-A21D-46AC-994C-F2A7211F31DA}.Release|x64.ActiveCfg = Release|x64
		{77563359-A21D-46AC-994C-F2A7211F31DA}.Release|x64.Build.0 = Release|x64
		{77563359-A21D-46AC-994C-F2A7211F31DA}.Release|x86.ActiveCfg = Release|Win32
		{77563359-A21D-46AC-994C-F2A7211F31DA}.Release|x86.Build.0 = Release|Win32
		{4D13E6D5-E594-4DB3-A2DC-BFC49F2DE3DB}.Debug|x64.ActiveCfg = Debug|x64
		{4D13E6D5-E594-4DB3-A2DC-BFC49F2DE3DB}.Debug|x64.Build.0 = Debug|x64
		{4D13E6D5-E594-4DB3-A2DC-BFC49F2DE3DB}.Debug|x86.ActiveCfg = Debug|Win32
		{4D13E6D5-E594-4DB3-A2DC-BFC49F2DE3DB}.Debug|x86.Build.0 = Debug|Win32
		{4D13E6D5-E594-4DB3-A2DC-BFC49F2DE3DB}.Release|x64.ActiveCfg = Release|x64
		{4D13E6D5-E594-4DB3-A2DC-BFC49F2DE3DB}.Release|x64.Build.0 = Release|x64
		{4D13E6D5-E594-4DB3-A2DC-BFC49F2DE3DB}.Release|x86.ActiveCfg = Release|Win32
		{4D13E6D5-E594-4DB3-A2DC-BFC49F2DE3DB}.Release|x86.Build.0 = Release|Win32
		{D9E4CBE9-881D-4C73-A5BC-0C853C500840}.Debug|x64.ActiveCfg = Debug|x64
		{D9E4CBE9-881D-4C73-A5BC-0C853C500840}.Debug|x64.Build.0 = Debug|x64
		{D9E4CBE9-881D-4C73-A5BC-0C853C500840}.Debug|x86.ActiveCfg = Debug|Win32
		{D9E4CBE9-881D-4C73-A5BC-0C853C500840}.Debug|x86.Build.0 = Debug|Win32
		{D9E4CBE9-881D-4C73-A5BC-0C853C500840}.Release|x64.ActiveCfg = Release|x64
		{D9E4CBE9-881D-4C73-A5BC-0C853C500840}.Release|x64.Build.0 = Release|x64
		{D9E4CBE9-881D-4C73-A5BC-0C853C500840}.Release|x86.ActiveCfg = Release|Win32
		{D9E4CBE9-881D-4C73-A5BC-0C853C500840}.Release|x86.Build.0 = Release|Win32
		{9A3E33D3-F285-4042-A4C9-9BFFE8DE528E}.Debug|x64.ActiveCfg = Debug|x64
		{9A3E33D3-F285-4042-A4C9-9BFFE8DE528E}.Debug|x64.Build.0 = Debug|x64
		{9A3E33D3-F285-4042-A4C9-9BFFE8DE528E}.Debug|x86.ActiveCfg = Debug|Win32
		{9A3E33D3-F285-4042-A4C9-9BFFE8DE528E}.Debug|x86.Build.0 = Debug|Win32
		{9A3E33D3-F285-4042-A4C9-9BFFE8DE528E}.Release|x64.ActiveCfg = Release|x64
		{9A3E33D3-F285-4042-A4C9-9BFFE8DE528E}.Release|x64.Build.0 = Release|x64
		{9A3E33D3-F285-4042-A4C9-9BFFE8DE528E}.Release|x86.ActiveCfg = Release|Win32
		{9A3E33D3-F285-4042-A4C9-9BFFE8DE528E}.Release|x86.Build.0 = Release|Win32
		{272A8F83-2281-404D-9108-72D969F445ED}.Debug|x64.ActiveCfg = Debug|x64
		{272A8F83-2281-404D-9108-72D969F445ED}.Debug|x64.Build.0 = Debug|x64
		{272A8F83-2281-404D-9108-72D969F445ED}.Debug|x86.ActiveCfg = Debug|Win32
		{272A8F83-2281-404D-9108-72D969F445ED}.Debug|x86.Build.0 = Debug|Win32
		{272A8F83-2281-404D-9108-72D969F445ED}.Release|x64.ActiveCfg = Release|x64
		{272A8F83-2281-404D-9108-72D969F445ED}.Release|x64.Build.0 = Release|x64
		{272A8F83-2281-404D-9108-72D969F445ED}.Release|x86.ActiveCfg = Release|Win32
		{272A8F83-2281-404D-9108-72D969F445ED}.Release|x86.Build.0 = Release|Win32
		{B1CB0A18-194A-4FCB-BC13-E3F94F922737}.Debug|x64.ActiveCfg = Debug|x64
		{B1CB0A18-194A-4FCB-BC13-E3F94F922737}.Debug|x64.Build.0 = Debug|x64
		{B1CB0A18-194A-4FCB-BC13-E3F94F922737}.Debug|x86.ActiveCfg = Debug|Win32
		{B1CB0A18-194A-4FCB-BC13-E3F94F922737}.Debug|x86.Build.0 = Debug|Win32
		{B1CB0A18-194A-4FCB-BC13-E3F94F922737}.Release|x64.ActiveCfg = Release|x64
		{B1CB0A18-194A-4FCB-BC13-E3F94F922737}.Release|x64.Build.0 = Release|x64
		{B1CB0A18-194A-4FCB-BC13-E3F94F922737}.Release|x86.ActiveCfg = Release|Win32
		{B1CB0A18-194A-4FCB-BC13-E3F94F922737}.Release|x86.Build.0 = Release|Win32
		{4D214876-A704-4E60-A9E4-D31FE4DB6897}.Debug|x64.ActiveCfg = Debug|x64
		{4D214876-A704-4E60-A9E4-D31FE4DB6897}.Debug|x64.Build.0 = Debug|x64
		{4D214876-A704-4E60-A9E4-D31FE4DB6897}.Debug|x86.ActiveCfg = Debug|Win32
		{4D214876-A704-4E60-A9E4-D31FE4DB6897}.Debug|x86.Build.0 = Debug|Win32
		{4D214876-A704-4E60-A9E4-D31FE4DB6897}.Release|x64.ActiveCfg = Release|x64
		{4D214876-A704-4E60-A9E4-D31FE4DB6897}.Release|x64.Build.0 = Release|x64
		{4D214876-A704-4E60-A9E4-D31FE4DB6897}.Release|x86.ActiveCfg = Release|Win32
		{4D214876-A704-4E60-A9E4-D31FE4DB6897}.Release|x86.Build.0 = Release|Win32
		{01816895-5720-4B1E-90C0-75897B662335}.Debug|x64.ActiveCfg = Debug|x64
		{01816895-5720-4B1E-90C0-75897B662335}.Debug|x64.Build.0 = Debug|x64
		{01816895-5720-4B1E-90C0-75897B662335}.Debug|x86.ActiveCfg = Debug|Win32
		{01816895-5720-4B1E-90C0-75897B662335}.Debug|x86.Build.0 = Debug|Win32
		{01816895-5720-4B1E-90C0-75897B662335}.Release|x64.ActiveCfg = Release|x64
		{01816895-5720-4B1E-90C0-75897B662335}.Release|x64.Build.0 = Release|x64
		{01816895-5720-4B1E-90C0-75897B662335}.Release|x86.ActiveCfg = Release|Win32
		{01816895-5720-4B1E-90C0-75897B662335}.Release|x86.Build.0 = Release|Win32
		{AD5B4202-DE04-4B71-B856-FE1119C4F9E9}.Debug|x64.ActiveCfg = Debug|x64
		{AD5B4202-DE04-4B71-B856-FE1119C4F9E9}.Debug|x64.Build.0 = Debug|x64
		{AD5B4202-DE04-4B71-B856-FE1119C4F9E9}.Debug|x86.ActiveCfg = Debug|Win32
		{AD5B4202-DE04-4B71-B856-FE1119C4F9E9}.Debug|x86.Build.0 = Debug|Win32
		{AD5B4202-DE04-4B71-B856-FE1119C4F9E9}.Release|x64.ActiveCfg = Release|x64
		{AD5B4202-DE04-4B71-B856-FE1119C4F9E9}.Release|x64.Build.0 = Release|x64
		{AD5B4202-DE04-4B71-B856-FE1119C4F9E9}.Release|x86.ActiveCfg = Release|Win32
		{AD5B4202-DE04-4B71-B856-FE1119C4F9E9}.Release|x86.Build.0 = Release|Win32
		{DE39B979-49C4-4C7F-AC7A-829AAE3229EF}.Debug|x64.ActiveCfg = Debug|x64
		{DE39B979-49C4-4C7F-AC7A-829AAE3229EF}.Debug|x64.Build.0 = Debug|x64
		{DE39B979-49C4-4C7F-AC7A-829AAE3229EF}.Debug|x86.ActiveCfg = Debug|Win32
		{DE39B979-49C4-4C7F-AC7A-829AAE3229EF}.Debug|x86.Build.0 = Debug|Win32
		{DE39B979-49C4-4C7F-AC7A-829AAE3229EF}.Release|x64.ActiveCfg = Release|x64
		{DE39B979-49C4-4C7F-AC7A-829AAE3229EF}.Release|x64.Build.0 = Release|x64
		{DE39B979-49C4-4C7F-AC7A-829AAE3229EF}.Release|x86.ActiveCfg = Release|Win32
		{DE39B979-49C4-4C7F-AC7A-829AAE3229EF}.Release|x86.Build.0 = Release|Win32
	EndGlobalSection
	GlobalSection(SolutionProperties) = preSolution
		HideSolutionNode = FALSE
	EndGlobalSection
EndGlobal
